
Microsoft Visual Studio Solution File, Format Version 12.00
# Visual Studio Version 16
VisualStudioVersion = 16.0.29215.179
MinimumVisualStudioVersion = 10.0.40219.1
Project("{FAE04EC0-301F-11D3-BF4B-00C04F79EFBC}") = "SimpleDeleteFiles", "SimpleDeleteFiles\SimpleDeleteFiles.csproj", "{4E220803-C224-4CDC-AB01-9BD882264BE5}"
EndProject
Global
	GlobalSection(SolutionConfigurationPlatforms) = preSolution
		Debug|Any CPU = Debug|Any CPU
		Release|Any CPU = Release|Any CPU
	EndGlobalSection
	GlobalSection(ProjectConfigurationPlatforms) = postSolution
		{4E220803-C224-4CDC-AB01-9BD882264BE5}.Debug|Any CPU.ActiveCfg = Release|Any CPU
		{4E220803-C224-4CDC-AB01-9BD882264BE5}.Debug|Any CPU.Build.0 = Release|Any CPU
		{4E220803-C224-4CDC-AB01-9BD882264BE5}.Release|Any CPU.ActiveCfg = Release|Any CPU
		{4E220803-C224-4CDC-AB01-9BD882264BE5}.Release|Any CPU.Build.0 = Release|Any CPU
	EndGlobalSection
	GlobalSection(SolutionProperties) = preSolution
		HideSolutionNode = FALSE
	EndGlobalSection
	GlobalSection(ExtensibilityGlobals) = postSolution
		SolutionGuid = {AFA5A39B-1D4A-4057-B63A-A34C50ECAF4B}
	EndGlobalSection
EndGlobal
